<?xml version="1.0" encoding="utf-8"?>
<Project ToolsVersion="4.0" xmlns="http://schemas.microsoft.com/developer/msbuild/2003">
  <ItemGroup>
    <Filter Include="Source Files">
      <UniqueIdentifier>{4FC737F1-C7A5-4376-A066-2A32D752A2FF}</UniqueIdentifier>
      <Extensions>cpp;c;cc;cxx;c++;cppm;ixx;def;odl;idl;hpj;bat;asm;asmx</Extensions>
    </Filter>
    <Filter Include="Header Files">
      <UniqueIdentifier>{93995380-89BD-4b04-88EB-625FBE52EBFB}</UniqueIdentifier>
      <Extensions>h;hh;hpp;hxx;h++;hm;inl;inc;ipp;xsd</Extensions>
    </Filter>
    <Filter Include="Resource Files">
      <UniqueIdentifier>{67DA6AB6-F800-4c08-8B7A-83BB121AAD01}</UniqueIdentifier>
      <Extensions>rc;ico;cur;bmp;dlg;rc2;rct;bin;rgs;gif;jpg;jpeg;jpe;resx;tiff;tif;png;wav;mfcribbon-ms</Extensions>
    </Filter>
    <Filter Include="Source Files\states">
      <UniqueIdentifier>{1c1c8e4c-1b28-43cf-9d91-c07529ce3d8a}</UniqueIdentifier>
    </Filter>
    <Filter Include="Source Files\states\title">
      <UniqueIdentifier>{6f0d196f-056f-4887-8baa-c7b3679b5c55}</UniqueIdentifier>
    </Filter>
    <Filter Include="Source Files\YU2">
      <UniqueIdentifier>{6a151d08-e615-4b7e-a90c-fd6ce59ba707}</UniqueIdentifier>
    </Filter>
    <Filter Include="Source Files\YU2\core">
      <UniqueIdentifier>{012f61d4-b422-46c6-a00c-171b401ceaec}</UniqueIdentifier>
    </Filter>
    <Filter Include="Source Files\YU2\graphics">
      <UniqueIdentifier>{88f9388d-e9df-447b-8056-81bf116fcafc}</UniqueIdentifier>
    </Filter>
    <Filter Include="Source Files\YU2\input">
      <UniqueIdentifier>{9505411e-9d55-4811-b48b-8708c15b5352}</UniqueIdentifier>
    </Filter>
    <Filter Include="Source Files\YU2\resources">
      <UniqueIdentifier>{129133b1-4f51-4cfc-afdb-5f27d1ab201e}</UniqueIdentifier>
    </Filter>
  </ItemGroup>
  <ItemGroup>
    <ClCompile Include="..\..\src\main.cpp">
      <Filter>Source Files</Filter>
    </ClCompile>
    <ClCompile Include="..\..\src\states\TeamLogoGameState.cpp">
      <Filter>Source Files\states</Filter>
    </ClCompile>
    <ClCompile Include="..\..\src\states\TestState.cpp">
      <Filter>Source Files\states</Filter>
    </ClCompile>
    <ClCompile Include="..\..\src\states\DisclaimerGameState.cpp">
      <Filter>Source Files\states</Filter>
    </ClCompile>
    <ClCompile Include="..\..\src\states\LogosGameState.cpp">
      <Filter>Source Files\states</Filter>
    </ClCompile>
    <ClCompile Include="..\..\src\states\Title\Background.cpp">
      <Filter>Source Files\states\title</Filter>
    </ClCompile>
    <ClCompile Include="..\..\src\states\Title\TitleResources.cpp">
      <Filter>Source Files\states\title</Filter>
    </ClCompile>
    <ClCompile Include="..\..\src\states\TitleGameState.cpp">
      <Filter>Source Files\states</Filter>
    </ClCompile>
    <ClCompile Include="..\..\src\states\GameplayState.cpp">
      <Filter>Source Files\states</Filter>
    </ClCompile>
    <ClCompile Include="..\..\src\states\Title\UserInterface.cpp">
      <Filter>Source Files\states\title</Filter>
    </ClCompile>
    <ClCompile Include="..\..\external\YU2Engine\core\GameContext.cpp">
      <Filter>Source Files\YU2\core</Filter>
    </ClCompile>
    <ClCompile Include="..\..\external\YU2Engine\core\Mod.cpp">
      <Filter>Source Files\YU2\core</Filter>
    </ClCompile>
    <ClCompile Include="..\..\external\YU2Engine\core\ModManager.cpp">
      <Filter>Source Files\YU2\core</Filter>
    </ClCompile>
    <ClCompile Include="..\..\external\YU2Engine\graphics\BitmapFont.cpp">
      <Filter>Source Files\YU2\graphics</Filter>
    </ClCompile>
    <ClCompile Include="..\..\external\YU2Engine\input\InputManager.cpp">
      <Filter>Source Files\YU2\input</Filter>
    </ClCompile>
    <ClCompile Include="..\..\external\YU2Engine\resources\ResourceManager.cpp">
      <Filter>Source Files\YU2\resources</Filter>
    </ClCompile>
    <ClCompile Include="..\..\external\tinyxml2.cpp">
      <Filter>Source Files</Filter>
    </ClCompile>
  </ItemGroup>
  <ItemGroup>
    <ClInclude Include="resource.h">
      <Filter>Header Files</Filter>
    </ClInclude>
  </ItemGroup>
  <ItemGroup>
    <ResourceCompile Include="Sonic2ReHD.rc">
      <Filter>Resource Files</Filter>
    </ResourceCompile>
  </ItemGroup>
  <ItemGroup>
    <Image Include="..\..\icon.ico">
      <Filter>Resource Files</Filter>
    </Image>
  </ItemGroup>
</Project>